// !$*UTF8*$!
{
	archiveVersion = 1;
	classes = {
	};
	objectVersion = 46;
	objects = {

/* Begin PBXBuildFile section */
		38FEAC4A306351F59B04EFF1 /* Pods_ToDoList.framework in Frameworks */ = {isa = PBXBuildFile; fileRef = 5FC02B71BE9C23DB1E36998E /* Pods_ToDoList.framework */; };
		542177F61F4F6A5500AB6A58 /* AppDelegate.swift in Sources */ = {isa = PBXBuildFile; fileRef = 542177F51F4F6A5500AB6A58 /* AppDelegate.swift */; };
		542177FB1F4F6A5500AB6A58 /* Main.storyboard in Resources */ = {isa = PBXBuildFile; fileRef = 542177F91F4F6A5500AB6A58 /* Main.storyboard */; };
		542177FD1F4F6A5500AB6A58 /* Assets.xcassets in Resources */ = {isa = PBXBuildFile; fileRef = 542177FC1F4F6A5500AB6A58 /* Assets.xcassets */; };
		542178001F4F6A5500AB6A58 /* LaunchScreen.storyboard in Resources */ = {isa = PBXBuildFile; fileRef = 542177FE1F4F6A5500AB6A58 /* LaunchScreen.storyboard */; };
		5421780B1F4F6A5700AB6A58 /* ToDoListTests.swift in Sources */ = {isa = PBXBuildFile; fileRef = 5421780A1F4F6A5700AB6A58 /* ToDoListTests.swift */; };
		542178161F4F6A5700AB6A58 /* ToDoListUITests.swift in Sources */ = {isa = PBXBuildFile; fileRef = 542178151F4F6A5700AB6A58 /* ToDoListUITests.swift */; };
		5442944F1F5093E2008BACCF /* PendingTasksViewController.swift in Sources */ = {isa = PBXBuildFile; fileRef = 5442944E1F5093E2008BACCF /* PendingTasksViewController.swift */; };
		544294511F5093FB008BACCF /* DoneTasksViewController.swift in Sources */ = {isa = PBXBuildFile; fileRef = 544294501F5093FB008BACCF /* DoneTasksViewController.swift */; };
		544294531F509766008BACCF /* Podfile in Resources */ = {isa = PBXBuildFile; fileRef = 544294521F509766008BACCF /* Podfile */; };
		544294551F50B04C008BACCF /* TodoItem.swift in Sources */ = {isa = PBXBuildFile; fileRef = 544294541F50B04C008BACCF /* TodoItem.swift */; };
		544294591F50BF94008BACCF /* DoneTab.png in Resources */ = {isa = PBXBuildFile; fileRef = 544294571F50BF94008BACCF /* DoneTab.png */; };
		5442945A1F50BF94008BACCF /* PendingTab.png in Resources */ = {isa = PBXBuildFile; fileRef = 544294581F50BF94008BACCF /* PendingTab.png */; };
		5442945D1F50C0DE008BACCF /* doneDeselected.png in Resources */ = {isa = PBXBuildFile; fileRef = 5442945B1F50C0DE008BACCF /* doneDeselected.png */; };
		5442945E1F50C0DE008BACCF /* pendingDeselected.png in Resources */ = {isa = PBXBuildFile; fileRef = 5442945C1F50C0DE008BACCF /* pendingDeselected.png */; };
/* End PBXBuildFile section */

/* Begin PBXContainerItemProxy section */
		542178071F4F6A5700AB6A58 /* PBXContainerItemProxy */ = {
			isa = PBXContainerItemProxy;
			containerPortal = 542177EA1F4F6A5500AB6A58 /* Project object */;
			proxyType = 1;
			remoteGlobalIDString = 542177F11F4F6A5500AB6A58;
			remoteInfo = ToDoList;
		};
		542178121F4F6A5700AB6A58 /* PBXContainerItemProxy */ = {
			isa = PBXContainerItemProxy;
			containerPortal = 542177EA1F4F6A5500AB6A58 /* Project object */;
			proxyType = 1;
			remoteGlobalIDString = 542177F11F4F6A5500AB6A58;
			remoteInfo = ToDoList;
		};
/* End PBXContainerItemProxy section */

/* Begin PBXFileReference section */
		542177F21F4F6A5500AB6A58 /* ToDoList.app */ = {isa = PBXFileReference; explicitFileType = wrapper.application; includeInIndex = 0; path = ToDoList.app; sourceTree = BUILT_PRODUCTS_DIR; };
		542177F51F4F6A5500AB6A58 /* AppDelegate.swift */ = {isa = PBXFileReference; lastKnownFileType = sourcecode.swift; path = AppDelegate.swift; sourceTree = "<group>"; };
		542177FA1F4F6A5500AB6A58 /* Base */ = {isa = PBXFileReference; lastKnownFileType = file.storyboard; name = Base; path = Base.lproj/Main.storyboard; sourceTree = "<group>"; };
		542177FC1F4F6A5500AB6A58 /* Assets.xcassets */ = {isa = PBXFileReference; lastKnownFileType = folder.assetcatalog; path = Assets.xcassets; sourceTree = "<group>"; };
		542177FF1F4F6A5500AB6A58 /* Base */ = {isa = PBXFileReference; lastKnownFileType = file.storyboard; name = Base; path = Base.lproj/LaunchScreen.storyboard; sourceTree = "<group>"; };
		542178011F4F6A5500AB6A58 /* Info.plist */ = {isa = PBXFileReference; lastKnownFileType = text.plist.xml; path = Info.plist; sourceTree = "<group>"; };
		542178061F4F6A5700AB6A58 /* ToDoListTests.xctest */ = {isa = PBXFileReference; explicitFileType = wrapper.cfbundle; includeInIndex = 0; path = ToDoListTests.xctest; sourceTree = BUILT_PRODUCTS_DIR; };
		5421780A1F4F6A5700AB6A58 /* ToDoListTests.swift */ = {isa = PBXFileReference; lastKnownFileType = sourcecode.swift; path = ToDoListTests.swift; sourceTree = "<group>"; };
		5421780C1F4F6A5700AB6A58 /* Info.plist */ = {isa = PBXFileReference; lastKnownFileType = text.plist.xml; path = Info.plist; sourceTree = "<group>"; };
		542178111F4F6A5700AB6A58 /* ToDoListUITests.xctest */ = {isa = PBXFileReference; explicitFileType = wrapper.cfbundle; includeInIndex = 0; path = ToDoListUITests.xctest; sourceTree = BUILT_PRODUCTS_DIR; };
		542178151F4F6A5700AB6A58 /* ToDoListUITests.swift */ = {isa = PBXFileReference; lastKnownFileType = sourcecode.swift; path = ToDoListUITests.swift; sourceTree = "<group>"; };
		542178171F4F6A5700AB6A58 /* Info.plist */ = {isa = PBXFileReference; lastKnownFileType = text.plist.xml; path = Info.plist; sourceTree = "<group>"; };
		5442944E1F5093E2008BACCF /* PendingTasksViewController.swift */ = {isa = PBXFileReference; fileEncoding = 4; lastKnownFileType = sourcecode.swift; path = PendingTasksViewController.swift; sourceTree = "<group>"; };
		544294501F5093FB008BACCF /* DoneTasksViewController.swift */ = {isa = PBXFileReference; fileEncoding = 4; lastKnownFileType = sourcecode.swift; name = DoneTasksViewController.swift; path = ../DoneTasksViewController.swift; sourceTree = "<group>"; };
		544294521F509766008BACCF /* Podfile */ = {isa = PBXFileReference; fileEncoding = 4; lastKnownFileType = text; path = Podfile; sourceTree = "<group>"; };
		544294541F50B04C008BACCF /* TodoItem.swift */ = {isa = PBXFileReference; fileEncoding = 4; lastKnownFileType = sourcecode.swift; path = TodoItem.swift; sourceTree = "<group>"; };
		544294571F50BF94008BACCF /* DoneTab.png */ = {isa = PBXFileReference; lastKnownFileType = image.png; path = DoneTab.png; sourceTree = "<group>"; };
		544294581F50BF94008BACCF /* PendingTab.png */ = {isa = PBXFileReference; lastKnownFileType = image.png; path = PendingTab.png; sourceTree = "<group>"; };
		5442945B1F50C0DE008BACCF /* doneDeselected.png */ = {isa = PBXFileReference; lastKnownFileType = image.png; path = doneDeselected.png; sourceTree = "<group>"; };
		5442945C1F50C0DE008BACCF /* pendingDeselected.png */ = {isa = PBXFileReference; lastKnownFileType = image.png; path = pendingDeselected.png; sourceTree = "<group>"; };
		5FC02B71BE9C23DB1E36998E /* Pods_ToDoList.framework */ = {isa = PBXFileReference; explicitFileType = wrapper.framework; includeInIndex = 0; path = Pods_ToDoList.framework; sourceTree = BUILT_PRODUCTS_DIR; };
		9E1223B022CB2E96AD40061C /* Pods-ToDoList.release.xcconfig */ = {isa = PBXFileReference; includeInIndex = 1; lastKnownFileType = text.xcconfig; name = "Pods-ToDoList.release.xcconfig"; path = "Pods/Target Support Files/Pods-ToDoList/Pods-ToDoList.release.xcconfig"; sourceTree = "<group>"; };
		DFB51EB3FBB0A1DBEDFFF0DE /* Pods-ToDoList.debug.xcconfig */ = {isa = PBXFileReference; includeInIndex = 1; lastKnownFileType = text.xcconfig; name = "Pods-ToDoList.debug.xcconfig"; path = "Pods/Target Support Files/Pods-ToDoList/Pods-ToDoList.debug.xcconfig"; sourceTree = "<group>"; };
/* End PBXFileReference section */

/* Begin PBXFrameworksBuildPhase section */
		542177EF1F4F6A5500AB6A58 /* Frameworks */ = {
			isa = PBXFrameworksBuildPhase;
			buildActionMask = 2147483647;
			files = (
				38FEAC4A306351F59B04EFF1 /* Pods_ToDoList.framework in Frameworks */,
			);
			runOnlyForDeploymentPostprocessing = 0;
		};
		542178031F4F6A5700AB6A58 /* Frameworks */ = {
			isa = PBXFrameworksBuildPhase;
			buildActionMask = 2147483647;
			files = (
			);
			runOnlyForDeploymentPostprocessing = 0;
		};
		5421780E1F4F6A5700AB6A58 /* Frameworks */ = {
			isa = PBXFrameworksBuildPhase;
			buildActionMask = 2147483647;
			files = (
			);
			runOnlyForDeploymentPostprocessing = 0;
		};
/* End PBXFrameworksBuildPhase section */

/* Begin PBXGroup section */
		542177E91F4F6A5500AB6A58 = {
			isa = PBXGroup;
			children = (
				544294521F509766008BACCF /* Podfile */,
				542177F41F4F6A5500AB6A58 /* ToDoList */,
				542178091F4F6A5700AB6A58 /* ToDoListTests */,
				542178141F4F6A5700AB6A58 /* ToDoListUITests */,
				542177F31F4F6A5500AB6A58 /* Products */,
				C37F84AD8F62CF110AE09EAE /* Pods */,
				7FE2D9EB8130E0FC7C74A01C /* Frameworks */,
			);
			sourceTree = "<group>";
		};
		542177F31F4F6A5500AB6A58 /* Products */ = {
			isa = PBXGroup;
			children = (
				542177F21F4F6A5500AB6A58 /* ToDoList.app */,
				542178061F4F6A5700AB6A58 /* ToDoListTests.xctest */,
				542178111F4F6A5700AB6A58 /* ToDoListUITests.xctest */,
			);
			name = Products;
			sourceTree = "<group>";
		};
		542177F41F4F6A5500AB6A58 /* ToDoList */ = {
			isa = PBXGroup;
			children = (
				544294561F50BF3A008BACCF /* Resources */,
				544294541F50B04C008BACCF /* TodoItem.swift */,
				542177F51F4F6A5500AB6A58 /* AppDelegate.swift */,
				542177F91F4F6A5500AB6A58 /* Main.storyboard */,
				544294501F5093FB008BACCF /* DoneTasksViewController.swift */,
				5442944E1F5093E2008BACCF /* PendingTasksViewController.swift */,
				542177FC1F4F6A5500AB6A58 /* Assets.xcassets */,
				542177FE1F4F6A5500AB6A58 /* LaunchScreen.storyboard */,
				542178011F4F6A5500AB6A58 /* Info.plist */,
			);
			path = ToDoList;
			sourceTree = "<group>";
		};
		542178091F4F6A5700AB6A58 /* ToDoListTests */ = {
			isa = PBXGroup;
			children = (
				5421780A1F4F6A5700AB6A58 /* ToDoListTests.swift */,
				5421780C1F4F6A5700AB6A58 /* Info.plist */,
			);
			path = ToDoListTests;
			sourceTree = "<group>";
		};
		542178141F4F6A5700AB6A58 /* ToDoListUITests */ = {
			isa = PBXGroup;
			children = (
				542178151F4F6A5700AB6A58 /* ToDoListUITests.swift */,
				542178171F4F6A5700AB6A58 /* Info.plist */,
			);
			path = ToDoListUITests;
			sourceTree = "<group>";
		};
		544294561F50BF3A008BACCF /* Resources */ = {
			isa = PBXGroup;
			children = (
				5442945B1F50C0DE008BACCF /* doneDeselected.png */,
				5442945C1F50C0DE008BACCF /* pendingDeselected.png */,
				544294571F50BF94008BACCF /* DoneTab.png */,
				544294581F50BF94008BACCF /* PendingTab.png */,
			);
			path = Resources;
			sourceTree = "<group>";
		};
		7FE2D9EB8130E0FC7C74A01C /* Frameworks */ = {
			isa = PBXGroup;
			children = (
				5FC02B71BE9C23DB1E36998E /* Pods_ToDoList.framework */,
			);
			name = Frameworks;
			sourceTree = "<group>";
		};
		C37F84AD8F62CF110AE09EAE /* Pods */ = {
			isa = PBXGroup;
			children = (
				DFB51EB3FBB0A1DBEDFFF0DE /* Pods-ToDoList.debug.xcconfig */,
				9E1223B022CB2E96AD40061C /* Pods-ToDoList.release.xcconfig */,
			);
			name = Pods;
			sourceTree = "<group>";
		};
/* End PBXGroup section */

/* Begin PBXNativeTarget section */
		542177F11F4F6A5500AB6A58 /* ToDoList */ = {
			isa = PBXNativeTarget;
			buildConfigurationList = 5421781A1F4F6A5700AB6A58 /* Build configuration list for PBXNativeTarget "ToDoList" */;
			buildPhases = (
				3E5E76706950ED304D3C178F /* [CP] Check Pods Manifest.lock */,
				542177EE1F4F6A5500AB6A58 /* Sources */,
				542177EF1F4F6A5500AB6A58 /* Frameworks */,
				542177F01F4F6A5500AB6A58 /* Resources */,
				396094631F9EAFFA37BCBD19 /* [CP] Embed Pods Frameworks */,
				DFB5857FF7731418BEBFB8B4 /* [CP] Copy Pods Resources */,
			);
			buildRules = (
			);
			dependencies = (
			);
			name = ToDoList;
			productName = ToDoList;
			productReference = 542177F21F4F6A5500AB6A58 /* ToDoList.app */;
			productType = "com.apple.product-type.application";
		};
		542178051F4F6A5700AB6A58 /* ToDoListTests */ = {
			isa = PBXNativeTarget;
			buildConfigurationList = 5421781D1F4F6A5700AB6A58 /* Build configuration list for PBXNativeTarget "ToDoListTests" */;
			buildPhases = (
				542178021F4F6A5700AB6A58 /* Sources */,
				542178031F4F6A5700AB6A58 /* Frameworks */,
				542178041F4F6A5700AB6A58 /* Resources */,
			);
			buildRules = (
			);
			dependencies = (
				542178081F4F6A5700AB6A58 /* PBXTargetDependency */,
			);
			name = ToDoListTests;
			productName = ToDoListTests;
			productReference = 542178061F4F6A5700AB6A58 /* ToDoListTests.xctest */;
			productType = "com.apple.product-type.bundle.unit-test";
		};
		542178101F4F6A5700AB6A58 /* ToDoListUITests */ = {
			isa = PBXNativeTarget;
			buildConfigurationList = 542178201F4F6A5700AB6A58 /* Build configuration list for PBXNativeTarget "ToDoListUITests" */;
			buildPhases = (
				5421780D1F4F6A5700AB6A58 /* Sources */,
				5421780E1F4F6A5700AB6A58 /* Frameworks */,
				5421780F1F4F6A5700AB6A58 /* Resources */,
			);
			buildRules = (
			);
			dependencies = (
				542178131F4F6A5700AB6A58 /* PBXTargetDependency */,
			);
			name = ToDoListUITests;
			productName = ToDoListUITests;
			productReference = 542178111F4F6A5700AB6A58 /* ToDoListUITests.xctest */;
			productType = "com.apple.product-type.bundle.ui-testing";
		};
/* End PBXNativeTarget section */

/* Begin PBXProject section */
		542177EA1F4F6A5500AB6A58 /* Project object */ = {
			isa = PBXProject;
			attributes = {
				LastSwiftUpdateCheck = 0830;
				LastUpgradeCheck = 0830;
				ORGANIZATIONNAME = "SOMNATH CHATTERJEE";
				TargetAttributes = {
					542177F11F4F6A5500AB6A58 = {
						CreatedOnToolsVersion = 8.3.3;
						ProvisioningStyle = Automatic;
					};
					542178051F4F6A5700AB6A58 = {
						CreatedOnToolsVersion = 8.3.3;
						ProvisioningStyle = Automatic;
						TestTargetID = 542177F11F4F6A5500AB6A58;
					};
					542178101F4F6A5700AB6A58 = {
						CreatedOnToolsVersion = 8.3.3;
						ProvisioningStyle = Automatic;
						TestTargetID = 542177F11F4F6A5500AB6A58;
					};
				};
			};
			buildConfigurationList = 542177ED1F4F6A5500AB6A58 /* Build configuration list for PBXProject "ToDoList" */;
			compatibilityVersion = "Xcode 3.2";
			developmentRegion = English;
			hasScannedForEncodings = 0;
			knownRegions = (
				en,
				Base,
			);
			mainGroup = 542177E91F4F6A5500AB6A58;
			productRefGroup = 542177F31F4F6A5500AB6A58 /* Products */;
			projectDirPath = "";
			projectRoot = "";
			targets = (
				542177F11F4F6A5500AB6A58 /* ToDoList */,
				542178051F4F6A5700AB6A58 /* ToDoListTests */,
				542178101F4F6A5700AB6A58 /* ToDoListUITests */,
			);
		};
/* End PBXProject section */

/* Begin PBXResourcesBuildPhase section */
		542177F01F4F6A5500AB6A58 /* Resources */ = {
			isa = PBXResourcesBuildPhase;
			buildActionMask = 2147483647;
			files = (
				5442945D1F50C0DE008BACCF /* doneDeselected.png in Resources */,
				542178001F4F6A5500AB6A58 /* LaunchScreen.storyboard in Resources */,
				5442945A1F50BF94008BACCF /* PendingTab.png in Resources */,
				544294591F50BF94008BACCF /* DoneTab.png in Resources */,
				542177FD1F4F6A5500AB6A58 /* Assets.xcassets in Resources */,
				544294531F509766008BACCF /* Podfile in Resources */,
				542177FB1F4F6A5500AB6A58 /* Main.storyboard in Resources */,
				5442945E1F50C0DE008BACCF /* pendingDeselected.png in Resources */,
			);
			runOnlyForDeploymentPostprocessing = 0;
		};
		542178041F4F6A5700AB6A58 /* Resources */ = {
			isa = PBXResourcesBuildPhase;
			buildActionMask = 2147483647;
			files = (
			);
			runOnlyForDeploymentPostprocessing = 0;
		};
		5421780F1F4F6A5700AB6A58 /* Resources */ = {
			isa = PBXResourcesBuildPhase;
			buildActionMask = 2147483647;
			files = (
			);
			runOnlyForDeploymentPostprocessing = 0;
		};
/* End PBXResourcesBuildPhase section */

/* Begin PBXShellScriptBuildPhase section */
		396094631F9EAFFA37BCBD19 /* [CP] Embed Pods Frameworks */ = {
			isa = PBXShellScriptBuildPhase;
			buildActionMask = 2147483647;
			files = (
			);
			inputPaths = (
				"${SRCROOT}/Pods/Target Support Files/Pods-ToDoList/Pods-ToDoList-frameworks.sh",
				"${BUILT_PRODUCTS_DIR}/Realm/Realm.framework",
				"${BUILT_PRODUCTS_DIR}/RealmSwift/RealmSwift.framework",
			);
			name = "[CP] Embed Pods Frameworks";
			outputPaths = (
				"${TARGET_BUILD_DIR}/${FRAMEWORKS_FOLDER_PATH}/Realm.framework",
				"${TARGET_BUILD_DIR}/${FRAMEWORKS_FOLDER_PATH}/RealmSwift.framework",
			);
			runOnlyForDeploymentPostprocessing = 0;
			shellPath = /bin/sh;
			shellScript = "\"${SRCROOT}/Pods/Target Support Files/Pods-ToDoList/Pods-ToDoList-frameworks.sh\"\n";
			showEnvVarsInLog = 0;
		};
		3E5E76706950ED304D3C178F /* [CP] Check Pods Manifest.lock */ = {
			isa = PBXShellScriptBuildPhase;
			buildActionMask = 2147483647;
			files = (
			);
			inputPaths = (
				"${PODS_PODFILE_DIR_PATH}/Podfile.lock",
				"${PODS_ROOT}/Manifest.lock",
			);
			name = "[CP] Check Pods Manifest.lock";
			outputPaths = (
				"$(DERIVED_FILE_DIR)/Pods-ToDoList-checkManifestLockResult.txt",
			);
			runOnlyForDeploymentPostprocessing = 0;
			shellPath = /bin/sh;
			shellScript = "diff \"${PODS_PODFILE_DIR_PATH}/Podfile.lock\" \"${PODS_ROOT}/Manifest.lock\" > /dev/null\nif [ $? != 0 ] ; then\n    # print error to STDERR\n    echo \"error: The sandbox is not in sync with the Podfile.lock. Run 'pod install' or update your CocoaPods installation.\" >&2\n    exit 1\nfi\n# This output is used by Xcode 'outputs' to avoid re-running this script phase.\necho \"SUCCESS\" > \"${SCRIPT_OUTPUT_FILE_0}\"\n";
			showEnvVarsInLog = 0;
		};
		DFB5857FF7731418BEBFB8B4 /* [CP] Copy Pods Resources */ = {
			isa = PBXShellScriptBuildPhase;
			buildActionMask = 2147483647;
			files = (
			);
			inputPaths = (
			);
			name = "[CP] Copy Pods Resources";
			outputPaths = (
			);
			runOnlyForDeploymentPostprocessing = 0;
			shellPath = /bin/sh;
			shellScript = "\"${SRCROOT}/Pods/Target Support Files/Pods-ToDoList/Pods-ToDoList-resources.sh\"\n";
			showEnvVarsInLog = 0;
		};
/* End PBXShellScriptBuildPhase section */

/* Begin PBXSourcesBuildPhase section */
		542177EE1F4F6A5500AB6A58 /* Sources */ = {
			isa = PBXSourcesBuildPhase;
			buildActionMask = 2147483647;
			files = (
				544294511F5093FB008BACCF /* DoneTasksViewController.swift in Sources */,
				5442944F1F5093E2008BACCF /* PendingTasksViewController.swift in Sources */,
				544294551F50B04C008BACCF /* TodoItem.swift in Sources */,
				542177F61F4F6A5500AB6A58 /* AppDelegate.swift in Sources */,
			);
			runOnlyForDeploymentPostprocessing = 0;
		};
		542178021F4F6A5700AB6A58 /* Sources */ = {
			isa = PBXSourcesBuildPhase;
			buildActionMask = 2147483647;
			files = (
				5421780B1F4F6A5700AB6A58 /* ToDoListTests.swift in Sources */,
			);
			runOnlyForDeploymentPostprocessing = 0;
		};
		5421780D1F4F6A5700AB6A58 /* Sources */ = {
			isa = PBXSourcesBuildPhase;
			buildActionMask = 2147483647;
			files = (
				542178161F4F6A5700AB6A58 /* ToDoListUITests.swift in Sources */,
			);
			runOnlyForDeploymentPostprocessing = 0;
		};
/* End PBXSourcesBuildPhase section */

/* Begin PBXTargetDependency section */
		542178081F4F6A5700AB6A58 /* PBXTargetDependency */ = {
			isa = PBXTargetDependency;
			target = 542177F11F4F6A5500AB6A58 /* ToDoList */;
			targetProxy = 542178071F4F6A5700AB6A58 /* PBXContainerItemProxy */;
		};
		542178131F4F6A5700AB6A58 /* PBXTargetDependency */ = {
			isa = PBXTargetDependency;
			target = 542177F11F4F6A5500AB6A58 /* ToDoList */;
			targetProxy = 542178121F4F6A5700AB6A58 /* PBXContainerItemProxy */;
		};
/* End PBXTargetDependency section */

/* Begin PBXVariantGroup section */
		542177F91F4F6A5500AB6A58 /* Main.storyboard */ = {
			isa = PBXVariantGroup;
			children = (
				542177FA1F4F6A5500AB6A58 /* Base */,
			);
			name = Main.storyboard;
			sourceTree = "<group>";
		};
		542177FE1F4F6A5500AB6A58 /* LaunchScreen.storyboard */ = {
			isa = PBXVariantGroup;
			children = (
				542177FF1F4F6A5500AB6A58 /* Base */,
			);
			name = LaunchScreen.storyboard;
			sourceTree = "<group>";
		};
/* End PBXVariantGroup section */

/* Begin XCBuildConfiguration section */
		542178181F4F6A5700AB6A58 /* Debug */ = {
			isa = XCBuildConfiguration;
			buildSettings = {
				ALWAYS_SEARCH_USER_PATHS = NO;
				CLANG_ANALYZER_NONNULL = YES;
				CLANG_ANALYZER_NUMBER_OBJECT_CONVERSION = YES_AGGRESSIVE;
				CLANG_CXX_LANGUAGE_STANDARD = "gnu++0x";
				CLANG_CXX_LIBRARY = "libc++";
				CLANG_ENABLE_MODULES = YES;
				CLANG_ENABLE_OBJC_ARC = YES;
				CLANG_WARN_BOOL_CONVERSION = YES;
				CLANG_WARN_CONSTANT_CONVERSION = YES;
				CLANG_WARN_DIRECT_OBJC_ISA_USAGE = YES_ERROR;
				CLANG_WARN_DOCUMENTATION_COMMENTS = YES;
				CLANG_WARN_EMPTY_BODY = YES;
				CLANG_WARN_ENUM_CONVERSION = YES;
				CLANG_WARN_INFINITE_RECURSION = YES;
				CLANG_WARN_INT_CONVERSION = YES;
				CLANG_WARN_OBJC_ROOT_CLASS = YES_ERROR;
				CLANG_WARN_SUSPICIOUS_MOVE = YES;
				CLANG_WARN_UNREACHABLE_CODE = YES;
				CLANG_WARN__DUPLICATE_METHOD_MATCH = YES;
				"CODE_SIGN_IDENTITY[sdk=iphoneos*]" = "iPhone Developer";
				COPY_PHASE_STRIP = NO;
				DEBUG_INFORMATION_FORMAT = dwarf;
				ENABLE_STRICT_OBJC_MSGSEND = YES;
				ENABLE_TESTABILITY = YES;
				GCC_C_LANGUAGE_STANDARD = gnu99;
				GCC_DYNAMIC_NO_PIC = NO;
				GCC_NO_COMMON_BLOCKS = YES;
				GCC_OPTIMIZATION_LEVEL = 0;
				GCC_PREPROCESSOR_DEFINITIONS = (
					"DEBUG=1",
					"$(inherited)",
				);
				GCC_WARN_64_TO_32_BIT_CONVERSION = YES;
				GCC_WARN_ABOUT_RETURN_TYPE = YES_ERROR;
				GCC_WARN_UNDECLARED_SELECTOR = YES;
				GCC_WARN_UNINITIALIZED_AUTOS = YES_AGGRESSIVE;
				GCC_WARN_UNUSED_FUNCTION = YES;
				GCC_WARN_UNUSED_VARIABLE = YES;
				IPHONEOS_DEPLOYMENT_TARGET = 10.3;
				MTL_ENABLE_DEBUG_INFO = YES;
				ONLY_ACTIVE_ARCH = YES;
				SDKROOT = iphoneos;
				SWIFT_ACTIVE_COMPILATION_CONDITIONS = DEBUG;
				SWIFT_OPTIMIZATION_LEVEL = "-Onone";
				TARGETED_DEVICE_FAMILY = "1,2";
			};
			name = Debug;
		};
		542178191F4F6A5700AB6A58 /* Release */ = {
			isa = XCBuildConfiguration;
			buildSettings = {
				ALWAYS_SEARCH_USER_PATHS = NO;
				CLANG_ANALYZER_NONNULL = YES;
				CLANG_ANALYZER_NUMBER_OBJECT_CONVERSION = YES_AGGRESSIVE;
				CLANG_CXX_LANGUAGE_STANDARD = "gnu++0x";
				CLANG_CXX_LIBRARY = "libc++";
				CLANG_ENABLE_MODULES = YES;
				CLANG_ENABLE_OBJC_ARC = YES;
				CLANG_WARN_BOOL_CONVERSION = YES;
				CLANG_WARN_CONSTANT_CONVERSION = YES;
				CLANG_WARN_DIRECT_OBJC_ISA_USAGE = YES_ERROR;
				CLANG_WARN_DOCUMENTATION_COMMENTS = YES;
				CLANG_WARN_EMPTY_BODY = YES;
				CLANG_WARN_ENUM_CONVERSION = YES;
				CLANG_WARN_INFINITE_RECURSION = YES;
				CLANG_WARN_INT_CONVERSION = YES;
				CLANG_WARN_OBJC_ROOT_CLASS = YES_ERROR;
				CLANG_WARN_SUSPICIOUS_MOVE = YES;
				CLANG_WARN_UNREACHABLE_CODE = YES;
				CLANG_WARN__DUPLICATE_METHOD_MATCH = YES;
				"CODE_SIGN_IDENTITY[sdk=iphoneos*]" = "iPhone Developer";
				COPY_PHASE_STRIP = NO;
				DEBUG_INFORMATION_FORMAT = "dwarf-with-dsym";
				ENABLE_NS_ASSERTIONS = NO;
				ENABLE_STRICT_OBJC_MSGSEND = YES;
				GCC_C_LANGUAGE_STANDARD = gnu99;
				GCC_NO_COMMON_BLOCKS = YES;
				GCC_WARN_64_TO_32_BIT_CONVERSION = YES;
				GCC_WARN_ABOUT_RETURN_TYPE = YES_ERROR;
				GCC_WARN_UNDECLARED_SELECTOR = YES;
				GCC_WARN_UNINITIALIZED_AUTOS = YES_AGGRESSIVE;
				GCC_WARN_UNUSED_FUNCTION = YES;
				GCC_WARN_UNUSED_VARIABLE = YES;
				IPHONEOS_DEPLOYMENT_TARGET = 10.3;
				MTL_ENABLE_DEBUG_INFO = NO;
				SDKROOT = iphoneos;
				SWIFT_OPTIMIZATION_LEVEL = "-Owholemodule";
				TARGETED_DEVICE_FAMILY = "1,2";
				VALIDATE_PRODUCT = YES;
			};
			name = Release;
		};
		5421781B1F4F6A5700AB6A58 /* Debug */ = {
			isa = XCBuildConfiguration;
			baseConfigurationReference = DFB51EB3FBB0A1DBEDFFF0DE /* Pods-ToDoList.debug.xcconfig */;
			buildSettings = {
				ASSETCATALOG_COMPILER_APPICON_NAME = AppIcon;
				INFOPLIST_FILE = ToDoList/Info.plist;
				IPHONEOS_DEPLOYMENT_TARGET = 10.0;
				LD_RUNPATH_SEARCH_PATHS = "$(inherited) @executable_path/Frameworks";
				PRODUCT_BUNDLE_IDENTIFIER = com.somnath.task.ToDoList;
				PRODUCT_NAME = "$(TARGET_NAME)";
				SWIFT_VERSION = 3.0;
			};
			name = Debug;
		};
		5421781C1F4F6A5700AB6A58 /* Release */ = {
			isa = XCBuildConfiguration;
			baseConfigurationReference = 9E1223B022CB2E96AD40061C /* Pods-ToDoList.release.xcconfig */;
			buildSettings = {
				ASSETCATALOG_COMPILER_APPICON_NAME = AppIcon;
				INFOPLIST_FILE = ToDoList/Info.plist;
				IPHONEOS_DEPLOYMENT_TARGET = 10.0;
				LD_RUNPATH_SEARCH_PATHS = "$(inherited) @executable_path/Frameworks";
				PRODUCT_BUNDLE_IDENTIFIER = com.somnath.task.ToDoList;
				PRODUCT_NAME = "$(TARGET_NAME)";
				SWIFT_VERSION = 3.0;
			};
			name = Release;
		};
		5421781E1F4F6A5700AB6A58 /* Debug */ = {
			isa = XCBuildConfiguration;
			buildSettings = {
				ALWAYS_EMBED_SWIFT_STANDARD_LIBRARIES = YES;
				BUNDLE_LOADER = "$(TEST_HOST)";
				INFOPLIST_FILE = ToDoListTests/Info.plist;
				LD_RUNPATH_SEARCH_PATHS = "$(inherited) @executable_path/Frameworks @loader_path/Frameworks";
				PRODUCT_BUNDLE_IDENTIFIER = com.somnath.task.ToDoListTests;
				PRODUCT_NAME = "$(TARGET_NAME)";
				SWIFT_VERSION = 3.0;
				TEST_HOST = "$(BUILT_PRODUCTS_DIR)/ToDoList.app/ToDoList";
			};
			name = Debug;
		};
		5421781F1F4F6A5700AB6A58 /* Release */ = {
			isa = XCBuildConfiguration;
			buildSettings = {
				ALWAYS_EMBED_SWIFT_STANDARD_LIBRARIES = YES;
				BUNDLE_LOADER = "$(TEST_HOST)";
				INFOPLIST_FILE = ToDoListTests/Info.plist;
				LD_RUNPATH_SEARCH_PATHS = "$(inherited) @executable_path/Frameworks @loader_path/Frameworks";
				PRODUCT_BUNDLE_IDENTIFIER = com.somnath.task.ToDoListTests;
				PRODUCT_NAME = "$(TARGET_NAME)";
				SWIFT_VERSION = 3.0;
				TEST_HOST = "$(BUILT_PRODUCTS_DIR)/ToDoList.app/ToDoList";
			};
			name = Release;
		};
		542178211F4F6A5700AB6A58 /* Debug */ = {
			isa = XCBuildConfiguration;
			buildSettings = {
				ALWAYS_EMBED_SWIFT_STANDARD_LIBRARIES = YES;
				INFOPLIST_FILE = ToDoListUITests/Info.plist;
				LD_RUNPATH_SEARCH_PATHS = "$(inherited) @executable_path/Frameworks @loader_path/Frameworks";
				PRODUCT_BUNDLE_IDENTIFIER = com.somnath.task.ToDoListUITests;
				PRODUCT_NAME = "$(TARGET_NAME)";
				SWIFT_VERSION = 3.0;
				TEST_TARGET_NAME = ToDoList;
			};
			name = Debug;
		};
		542178221F4F6A5700AB6A58 /* Release */ = {
			isa = XCBuildConfiguration;
			buildSettings = {
				ALWAYS_EMBED_SWIFT_STANDARD_LIBRARIES = YES;
				INFOPLIST_FILE = ToDoListUITests/Info.plist;
				LD_RUNPATH_SEARCH_PATHS = "$(inherited) @executable_path/Frameworks @loader_path/Frameworks";
				PRODUCT_BUNDLE_IDENTIFIER = com.somnath.task.ToDoListUITests;
				PRODUCT_NAME = "$(TARGET_NAME)";
				SWIFT_VERSION = 3.0;
				TEST_TARGET_NAME = ToDoList;
			};
			name = Release;
		};
/* End XCBuildConfiguration section */

/* Begin XCConfigurationList section */
		542177ED1F4F6A5500AB6A58 /* Build configuration list for PBXProject "ToDoList" */ = {
			isa = XCConfigurationList;
			buildConfigurations = (
				542178181F4F6A5700AB6A58 /* Debug */,
				542178191F4F6A5700AB6A58 /* Release */,
			);
			defaultConfigurationIsVisible = 0;
			defaultConfigurationName = Release;
		};
		5421781A1F4F6A5700AB6A58 /* Build configuration list for PBXNativeTarget "ToDoList" */ = {
			isa = XCConfigurationList;
			buildConfigurations = (
				5421781B1F4F6A5700AB6A58 /* Debug */,
				5421781C1F4F6A5700AB6A58 /* Release */,
			);
			defaultConfigurationIsVisible = 0;
			defaultConfigurationName = Release;
		};
		5421781D1F4F6A5700AB6A58 /* Build configuration list for PBXNativeTarget "ToDoListTests" */ = {
			isa = XCConfigurationList;
			buildConfigurations = (
				5421781E1F4F6A5700AB6A58 /* Debug */,
				5421781F1F4F6A5700AB6A58 /* Release */,
			);
			defaultConfigurationIsVisible = 0;
			defaultConfigurationName = Release;
		};
		542178201F4F6A5700AB6A58 /* Build configuration list for PBXNativeTarget "ToDoListUITests" */ = {
			isa = XCConfigurationList;
			buildConfigurations = (
				542178211F4F6A5700AB6A58 /* Debug */,
				542178221F4F6A5700AB6A58 /* Release */,
			);
			defaultConfigurationIsVisible = 0;
			defaultConfigurationName = Release;
		};
/* End XCConfigurationList section */
	};
	rootObject = 542177EA1F4F6A5500AB6A58 /* Project object */;
}
